
Microsoft Visual Studio Solution File, Format Version 12.00
# Visual Studio Version 17
VisualStudioVersion = 17.14.36212.18 d17.14
MinimumVisualStudioVersion = 10.0.40219.1
Project("{8BC9CEB8-8B4A-11D0-8D11-00A0C91BC942}") = "Project2", "Project2.vcxproj", "{FCC787AF-698A-4C31-B067-3E23E965333F}"
EndProject
Global
	GlobalSection(SolutionConfigurationPlatforms) = preSolution
		Debug|x64 = Debug|x64
		Debug|x86 = Debug|x86
		Release|x64 = Release|x64
		Release|x86 = Release|x86
	EndGlobalSection
	GlobalSection(ProjectConfigurationPlatforms) = postSolution
		{FCC787AF-698A-4C31-B067-3E23E965333F}.Debug|x64.ActiveCfg = Debug|x64
		{FCC787AF-698A-4C31-B067-3E23E965333F}.Debug|x64.Build.0 = Debug|x64
		{FCC787AF-698A-4C31-B067-3E23E965333F}.Debug|x86.ActiveCfg = Debug|Win32
		{FCC787AF-698A-4C31-B067-3E23E965333F}.Debug|x86.Build.0 = Debug|Win32
		{FCC787AF-698A-4C31-B067-3E23E965333F}.Release|x64.ActiveCfg = Release|x64
		{FCC787AF-698A-4C31-B067-3E23E965333F}.Release|x64.Build.0 = Release|x64
		{FCC787AF-698A-4C31-B067-3E23E965333F}.Release|x86.ActiveCfg = Release|Win32
		{FCC787AF-698A-4C31-B067-3E23E965333F}.Release|x86.Build.0 = Release|Win32
	EndGlobalSection
	GlobalSection(SolutionProperties) = preSolution
		HideSolutionNode = FALSE
	EndGlobalSection
	GlobalSection(ExtensibilityGlobals) = postSolution
		SolutionGuid = {0C450451-5CE4-451A-A562-0214980C62EE}
	EndGlobalSection
EndGlobal
